// !$*UTF8*$!
{
	archiveVersion = 1;
	classes = {
	};
	objectVersion = 46;
	objects = {

/* Begin PBXBuildFile section */
		18245C651934A8BC00EAFF4B /* SRFormSelectTableViewController.m in Sources */ = {isa = PBXBuildFile; fileRef = 18245C641934A8BC00EAFF4B /* SRFormSelectTableViewController.m */; };
		185CDEFD192B59C600E5CF21 /* Foundation.framework in Frameworks */ = {isa = PBXBuildFile; fileRef = 185CDEFC192B59C600E5CF21 /* Foundation.framework */; };
		185CDEFF192B59C600E5CF21 /* CoreGraphics.framework in Frameworks */ = {isa = PBXBuildFile; fileRef = 185CDEFE192B59C600E5CF21 /* CoreGraphics.framework */; };
		185CDF01192B59C600E5CF21 /* UIKit.framework in Frameworks */ = {isa = PBXBuildFile; fileRef = 185CDF00192B59C600E5CF21 /* UIKit.framework */; };
		185CDF07192B59C600E5CF21 /* InfoPlist.strings in Resources */ = {isa = PBXBuildFile; fileRef = 185CDF05192B59C600E5CF21 /* InfoPlist.strings */; };
		185CDF09192B59C600E5CF21 /* main.m in Sources */ = {isa = PBXBuildFile; fileRef = 185CDF08192B59C600E5CF21 /* main.m */; };
		185CDF0D192B59C600E5CF21 /* SRAppDelegate.m in Sources */ = {isa = PBXBuildFile; fileRef = 185CDF0C192B59C600E5CF21 /* SRAppDelegate.m */; };
		185CDF10192B59C600E5CF21 /* Main.storyboard in Resources */ = {isa = PBXBuildFile; fileRef = 185CDF0E192B59C600E5CF21 /* Main.storyboard */; };
		185CDF15192B59C600E5CF21 /* Images.xcassets in Resources */ = {isa = PBXBuildFile; fileRef = 185CDF14192B59C600E5CF21 /* Images.xcassets */; };
		185CDF1C192B59C600E5CF21 /* XCTest.framework in Frameworks */ = {isa = PBXBuildFile; fileRef = 185CDF1B192B59C600E5CF21 /* XCTest.framework */; };
		185CDF1D192B59C600E5CF21 /* Foundation.framework in Frameworks */ = {isa = PBXBuildFile; fileRef = 185CDEFC192B59C600E5CF21 /* Foundation.framework */; };
		185CDF1E192B59C600E5CF21 /* UIKit.framework in Frameworks */ = {isa = PBXBuildFile; fileRef = 185CDF00192B59C600E5CF21 /* UIKit.framework */; };
		185CDF26192B59C600E5CF21 /* InfoPlist.strings in Resources */ = {isa = PBXBuildFile; fileRef = 185CDF24192B59C600E5CF21 /* InfoPlist.strings */; };
		185CDF28192B59C600E5CF21 /* FormBuilderTests.m in Sources */ = {isa = PBXBuildFile; fileRef = 185CDF27192B59C600E5CF21 /* FormBuilderTests.m */; };
		185CDF33192B5AB600E5CF21 /* SRFormTableViewController.m in Sources */ = {isa = PBXBuildFile; fileRef = 185CDF32192B5AB600E5CF21 /* SRFormTableViewController.m */; };
		185CDF3C192E25E500E5CF21 /* SRFormTableViewCell.m in Sources */ = {isa = PBXBuildFile; fileRef = 185CDF3B192E25E500E5CF21 /* SRFormTableViewCell.m */; };
		185CDF3F192FF83F00E5CF21 /* UIColor+SRColors.m in Sources */ = {isa = PBXBuildFile; fileRef = 185CDF3E192FF83F00E5CF21 /* UIColor+SRColors.m */; };
		185CDF42192FFBA600E5CF21 /* SRTimerPicker.m in Sources */ = {isa = PBXBuildFile; fileRef = 185CDF41192FFBA600E5CF21 /* SRTimerPicker.m */; };
/* End PBXBuildFile section */

/* Begin PBXContainerItemProxy section */
		185CDF1F192B59C600E5CF21 /* PBXContainerItemProxy */ = {
			isa = PBXContainerItemProxy;
			containerPortal = 185CDEF1192B59C600E5CF21 /* Project object */;
			proxyType = 1;
			remoteGlobalIDString = 185CDEF8192B59C600E5CF21;
			remoteInfo = FormBuilder;
		};
/* End PBXContainerItemProxy section */

/* Begin PBXFileReference section */
		18245C631934A8BC00EAFF4B /* SRFormSelectTableViewController.h */ = {isa = PBXFileReference; fileEncoding = 4; lastKnownFileType = sourcecode.c.h; path = SRFormSelectTableViewController.h; sourceTree = "<group>"; };
		18245C641934A8BC00EAFF4B /* SRFormSelectTableViewController.m */ = {isa = PBXFileReference; fileEncoding = 4; lastKnownFileType = sourcecode.c.objc; path = SRFormSelectTableViewController.m; sourceTree = "<group>"; };
		185CDEF9192B59C600E5CF21 /* FormBuilder.app */ = {isa = PBXFileReference; explicitFileType = wrapper.application; includeInIndex = 0; path = FormBuilder.app; sourceTree = BUILT_PRODUCTS_DIR; };
		185CDEFC192B59C600E5CF21 /* Foundation.framework */ = {isa = PBXFileReference; lastKnownFileType = wrapper.framework; name = Foundation.framework; path = System/Library/Frameworks/Foundation.framework; sourceTree = SDKROOT; };
		185CDEFE192B59C600E5CF21 /* CoreGraphics.framework */ = {isa = PBXFileReference; lastKnownFileType = wrapper.framework; name = CoreGraphics.framework; path = System/Library/Frameworks/CoreGraphics.framework; sourceTree = SDKROOT; };
		185CDF00192B59C600E5CF21 /* UIKit.framework */ = {isa = PBXFileReference; lastKnownFileType = wrapper.framework; name = UIKit.framework; path = System/Library/Frameworks/UIKit.framework; sourceTree = SDKROOT; };
		185CDF04192B59C600E5CF21 /* FormBuilder-Info.plist */ = {isa = PBXFileReference; lastKnownFileType = text.plist.xml; path = "FormBuilder-Info.plist"; sourceTree = "<group>"; };
		185CDF06192B59C600E5CF21 /* en */ = {isa = PBXFileReference; lastKnownFileType = text.plist.strings; name = en; path = en.lproj/InfoPlist.strings; sourceTree = "<group>"; };
		185CDF08192B59C600E5CF21 /* main.m */ = {isa = PBXFileReference; lastKnownFileType = sourcecode.c.objc; path = main.m; sourceTree = "<group>"; };
		185CDF0A192B59C600E5CF21 /* FormBuilder-Prefix.pch */ = {isa = PBXFileReference; lastKnownFileType = sourcecode.c.h; path = "FormBuilder-Prefix.pch"; sourceTree = "<group>"; };
		185CDF0B192B59C600E5CF21 /* SRAppDelegate.h */ = {isa = PBXFileReference; lastKnownFileType = sourcecode.c.h; path = SRAppDelegate.h; sourceTree = "<group>"; };
		185CDF0C192B59C600E5CF21 /* SRAppDelegate.m */ = {isa = PBXFileReference; lastKnownFileType = sourcecode.c.objc; path = SRAppDelegate.m; sourceTree = "<group>"; };
		185CDF0F192B59C600E5CF21 /* Base */ = {isa = PBXFileReference; lastKnownFileType = file.storyboard; name = Base; path = Base.lproj/Main.storyboard; sourceTree = "<group>"; };
		185CDF14192B59C600E5CF21 /* Images.xcassets */ = {isa = PBXFileReference; lastKnownFileType = folder.assetcatalog; path = Images.xcassets; sourceTree = "<group>"; };
		185CDF1A192B59C600E5CF21 /* FormBuilderTests.xctest */ = {isa = PBXFileReference; explicitFileType = wrapper.cfbundle; includeInIndex = 0; path = FormBuilderTests.xctest; sourceTree = BUILT_PRODUCTS_DIR; };
		185CDF1B192B59C600E5CF21 /* XCTest.framework */ = {isa = PBXFileReference; lastKnownFileType = wrapper.framework; name = XCTest.framework; path = Library/Frameworks/XCTest.framework; sourceTree = DEVELOPER_DIR; };
		185CDF23192B59C600E5CF21 /* FormBuilderTests-Info.plist */ = {isa = PBXFileReference; lastKnownFileType = text.plist.xml; path = "FormBuilderTests-Info.plist"; sourceTree = "<group>"; };
		185CDF25192B59C600E5CF21 /* en */ = {isa = PBXFileReference; lastKnownFileType = text.plist.strings; name = en; path = en.lproj/InfoPlist.strings; sourceTree = "<group>"; };
		185CDF27192B59C600E5CF21 /* FormBuilderTests.m */ = {isa = PBXFileReference; lastKnownFileType = sourcecode.c.objc; path = FormBuilderTests.m; sourceTree = "<group>"; };
		185CDF31192B5AB600E5CF21 /* SRFormTableViewController.h */ = {isa = PBXFileReference; fileEncoding = 4; lastKnownFileType = sourcecode.c.h; path = SRFormTableViewController.h; sourceTree = "<group>"; };
		185CDF32192B5AB600E5CF21 /* SRFormTableViewController.m */ = {isa = PBXFileReference; fileEncoding = 4; lastKnownFileType = sourcecode.c.objc; path = SRFormTableViewController.m; sourceTree = "<group>"; };
		185CDF3A192E25E500E5CF21 /* SRFormTableViewCell.h */ = {isa = PBXFileReference; fileEncoding = 4; lastKnownFileType = sourcecode.c.h; path = SRFormTableViewCell.h; sourceTree = "<group>"; };
		185CDF3B192E25E500E5CF21 /* SRFormTableViewCell.m */ = {isa = PBXFileReference; fileEncoding = 4; lastKnownFileType = sourcecode.c.objc; path = SRFormTableViewCell.m; sourceTree = "<group>"; };
		185CDF3D192FF83F00E5CF21 /* UIColor+SRColors.h */ = {isa = PBXFileReference; fileEncoding = 4; lastKnownFileType = sourcecode.c.h; path = "UIColor+SRColors.h"; sourceTree = "<group>"; };
		185CDF3E192FF83F00E5CF21 /* UIColor+SRColors.m */ = {isa = PBXFileReference; fileEncoding = 4; lastKnownFileType = sourcecode.c.objc; path = "UIColor+SRColors.m"; sourceTree = "<group>"; };
		185CDF40192FFBA600E5CF21 /* SRTimerPicker.h */ = {isa = PBXFileReference; fileEncoding = 4; lastKnownFileType = sourcecode.c.h; path = SRTimerPicker.h; sourceTree = "<group>"; };
		185CDF41192FFBA600E5CF21 /* SRTimerPicker.m */ = {isa = PBXFileReference; fileEncoding = 4; lastKnownFileType = sourcecode.c.objc; path = SRTimerPicker.m; sourceTree = "<group>"; };
/* End PBXFileReference section */

/* Begin PBXFrameworksBuildPhase section */
		185CDEF6192B59C600E5CF21 /* Frameworks */ = {
			isa = PBXFrameworksBuildPhase;
			buildActionMask = 2147483647;
			files = (
				185CDEFF192B59C600E5CF21 /* CoreGraphics.framework in Frameworks */,
				185CDF01192B59C600E5CF21 /* UIKit.framework in Frameworks */,
				185CDEFD192B59C600E5CF21 /* Foundation.framework in Frameworks */,
			);
			runOnlyForDeploymentPostprocessing = 0;
		};
		185CDF17192B59C600E5CF21 /* Frameworks */ = {
			isa = PBXFrameworksBuildPhase;
			buildActionMask = 2147483647;
			files = (
				185CDF1C192B59C600E5CF21 /* XCTest.framework in Frameworks */,
				185CDF1E192B59C600E5CF21 /* UIKit.framework in Frameworks */,
				185CDF1D192B59C600E5CF21 /* Foundation.framework in Frameworks */,
			);
			runOnlyForDeploymentPostprocessing = 0;
		};
/* End PBXFrameworksBuildPhase section */

/* Begin PBXGroup section */
		185CDEF0192B59C600E5CF21 = {
			isa = PBXGroup;
			children = (
				185CDF02192B59C600E5CF21 /* FormBuilder */,
				185CDF21192B59C600E5CF21 /* FormBuilderTests */,
				185CDEFB192B59C600E5CF21 /* Frameworks */,
				185CDEFA192B59C600E5CF21 /* Products */,
			);
			sourceTree = "<group>";
		};
		185CDEFA192B59C600E5CF21 /* Products */ = {
			isa = PBXGroup;
			children = (
				185CDEF9192B59C600E5CF21 /* FormBuilder.app */,
				185CDF1A192B59C600E5CF21 /* FormBuilderTests.xctest */,
			);
			name = Products;
			sourceTree = "<group>";
		};
		185CDEFB192B59C600E5CF21 /* Frameworks */ = {
			isa = PBXGroup;
			children = (
				185CDEFC192B59C600E5CF21 /* Foundation.framework */,
				185CDEFE192B59C600E5CF21 /* CoreGraphics.framework */,
				185CDF00192B59C600E5CF21 /* UIKit.framework */,
				185CDF1B192B59C600E5CF21 /* XCTest.framework */,
			);
			name = Frameworks;
			sourceTree = "<group>";
		};
		185CDF02192B59C600E5CF21 /* FormBuilder */ = {
			isa = PBXGroup;
			children = (
				185CDF3D192FF83F00E5CF21 /* UIColor+SRColors.h */,
				185CDF3E192FF83F00E5CF21 /* UIColor+SRColors.m */,
				185CDF40192FFBA600E5CF21 /* SRTimerPicker.h */,
				185CDF41192FFBA600E5CF21 /* SRTimerPicker.m */,
				185CDF0B192B59C600E5CF21 /* SRAppDelegate.h */,
				185CDF0C192B59C600E5CF21 /* SRAppDelegate.m */,
				185CDF0E192B59C600E5CF21 /* Main.storyboard */,
				185CDF31192B5AB600E5CF21 /* SRFormTableViewController.h */,
				185CDF32192B5AB600E5CF21 /* SRFormTableViewController.m */,
				18245C631934A8BC00EAFF4B /* SRFormSelectTableViewController.h */,
				18245C641934A8BC00EAFF4B /* SRFormSelectTableViewController.m */,
				185CDF14192B59C600E5CF21 /* Images.xcassets */,
				185CDF03192B59C600E5CF21 /* Supporting Files */,
				185CDF3A192E25E500E5CF21 /* SRFormTableViewCell.h */,
				185CDF3B192E25E500E5CF21 /* SRFormTableViewCell.m */,
			);
			path = FormBuilder;
			sourceTree = "<group>";
		};
		185CDF03192B59C600E5CF21 /* Supporting Files */ = {
			isa = PBXGroup;
			children = (
				185CDF04192B59C600E5CF21 /* FormBuilder-Info.plist */,
				185CDF05192B59C600E5CF21 /* InfoPlist.strings */,
				185CDF08192B59C600E5CF21 /* main.m */,
				185CDF0A192B59C600E5CF21 /* FormBuilder-Prefix.pch */,
			);
			name = "Supporting Files";
			sourceTree = "<group>";
		};
		185CDF21192B59C600E5CF21 /* FormBuilderTests */ = {
			isa = PBXGroup;
			children = (
				185CDF27192B59C600E5CF21 /* FormBuilderTests.m */,
				185CDF22192B59C600E5CF21 /* Supporting Files */,
			);
			path = FormBuilderTests;
			sourceTree = "<group>";
		};
		185CDF22192B59C600E5CF21 /* Supporting Files */ = {
			isa = PBXGroup;
			children = (
				185CDF23192B59C600E5CF21 /* FormBuilderTests-Info.plist */,
				185CDF24192B59C600E5CF21 /* InfoPlist.strings */,
			);
			name = "Supporting Files";
			sourceTree = "<group>";
		};
/* End PBXGroup section */

/* Begin PBXNativeTarget section */
		185CDEF8192B59C600E5CF21 /* FormBuilder */ = {
			isa = PBXNativeTarget;
			buildConfigurationList = 185CDF2B192B59C600E5CF21 /* Build configuration list for PBXNativeTarget "FormBuilder" */;
			buildPhases = (
				185CDEF5192B59C600E5CF21 /* Sources */,
				185CDEF6192B59C600E5CF21 /* Frameworks */,
				185CDEF7192B59C600E5CF21 /* Resources */,
			);
			buildRules = (
			);
			dependencies = (
			);
			name = FormBuilder;
			productName = FormBuilder;
			productReference = 185CDEF9192B59C600E5CF21 /* FormBuilder.app */;
			productType = "com.apple.product-type.application";
		};
		185CDF19192B59C600E5CF21 /* FormBuilderTests */ = {
			isa = PBXNativeTarget;
			buildConfigurationList = 185CDF2E192B59C600E5CF21 /* Build configuration list for PBXNativeTarget "FormBuilderTests" */;
			buildPhases = (
				185CDF16192B59C600E5CF21 /* Sources */,
				185CDF17192B59C600E5CF21 /* Frameworks */,
				185CDF18192B59C600E5CF21 /* Resources */,
			);
			buildRules = (
			);
			dependencies = (
				185CDF20192B59C600E5CF21 /* PBXTargetDependency */,
			);
			name = FormBuilderTests;
			productName = FormBuilderTests;
			productReference = 185CDF1A192B59C600E5CF21 /* FormBuilderTests.xctest */;
			productType = "com.apple.product-type.bundle.unit-test";
		};
/* End PBXNativeTarget section */

/* Begin PBXProject section */
		185CDEF1192B59C600E5CF21 /* Project object */ = {
			isa = PBXProject;
			attributes = {
				CLASSPREFIX = SR;
				LastUpgradeCheck = 0510;
				ORGANIZATIONNAME = scottr;
				TargetAttributes = {
					185CDF19192B59C600E5CF21 = {
						TestTargetID = 185CDEF8192B59C600E5CF21;
					};
				};
			};
			buildConfigurationList = 185CDEF4192B59C600E5CF21 /* Build configuration list for PBXProject "FormBuilder" */;
			compatibilityVersion = "Xcode 3.2";
			developmentRegion = English;
			hasScannedForEncodings = 0;
			knownRegions = (
				en,
				Base,
			);
			mainGroup = 185CDEF0192B59C600E5CF21;
			productRefGroup = 185CDEFA192B59C600E5CF21 /* Products */;
			projectDirPath = "";
			projectRoot = "";
			targets = (
				185CDEF8192B59C600E5CF21 /* FormBuilder */,
				185CDF19192B59C600E5CF21 /* FormBuilderTests */,
			);
		};
/* End PBXProject section */

/* Begin PBXResourcesBuildPhase section */
		185CDEF7192B59C600E5CF21 /* Resources */ = {
			isa = PBXResourcesBuildPhase;
			buildActionMask = 2147483647;
			files = (
				185CDF15192B59C600E5CF21 /* Images.xcassets in Resources */,
				185CDF07192B59C600E5CF21 /* InfoPlist.strings in Resources */,
				185CDF10192B59C600E5CF21 /* Main.storyboard in Resources */,
			);
			runOnlyForDeploymentPostprocessing = 0;
		};
		185CDF18192B59C600E5CF21 /* Resources */ = {
			isa = PBXResourcesBuildPhase;
			buildActionMask = 2147483647;
			files = (
				185CDF26192B59C600E5CF21 /* InfoPlist.strings in Resources */,
			);
			runOnlyForDeploymentPostprocessing = 0;
		};
/* End PBXResourcesBuildPhase section */

/* Begin PBXSourcesBuildPhase section */
		185CDEF5192B59C600E5CF21 /* Sources */ = {
			isa = PBXSourcesBuildPhase;
			buildActionMask = 2147483647;
			files = (
				185CDF3C192E25E500E5CF21 /* SRFormTableViewCell.m in Sources */,
				185CDF09192B59C600E5CF21 /* main.m in Sources */,
				185CDF42192FFBA600E5CF21 /* SRTimerPicker.m in Sources */,
				185CDF3F192FF83F00E5CF21 /* UIColor+SRColors.m in Sources */,
				18245C651934A8BC00EAFF4B /* SRFormSelectTableViewController.m in Sources */,
				185CDF0D192B59C600E5CF21 /* SRAppDelegate.m in Sources */,
				185CDF33192B5AB600E5CF21 /* SRFormTableViewController.m in Sources */,
			);
			runOnlyForDeploymentPostprocessing = 0;
		};
		185CDF16192B59C600E5CF21 /* Sources */ = {
			isa = PBXSourcesBuildPhase;
			buildActionMask = 2147483647;
			files = (
				185CDF28192B59C600E5CF21 /* FormBuilderTests.m in Sources */,
			);
			runOnlyForDeploymentPostprocessing = 0;
		};
/* End PBXSourcesBuildPhase section */

/* Begin PBXTargetDependency section */
		185CDF20192B59C600E5CF21 /* PBXTargetDependency */ = {
			isa = PBXTargetDependency;
			target = 185CDEF8192B59C600E5CF21 /* FormBuilder */;
			targetProxy = 185CDF1F192B59C600E5CF21 /* PBXContainerItemProxy */;
		};
/* End PBXTargetDependency section */

/* Begin PBXVariantGroup section */
		185CDF05192B59C600E5CF21 /* InfoPlist.strings */ = {
			isa = PBXVariantGroup;
			children = (
				185CDF06192B59C600E5CF21 /* en */,
			);
			name = InfoPlist.strings;
			sourceTree = "<group>";
		};
		185CDF0E192B59C600E5CF21 /* Main.storyboard */ = {
			isa = PBXVariantGroup;
			children = (
				185CDF0F192B59C600E5CF21 /* Base */,
			);
			name = Main.storyboard;
			sourceTree = "<group>";
		};
		185CDF24192B59C600E5CF21 /* InfoPlist.strings */ = {
			isa = PBXVariantGroup;
			children = (
				185CDF25192B59C600E5CF21 /* en */,
			);
			name = InfoPlist.strings;
			sourceTree = "<group>";
		};
/* End PBXVariantGroup section */

/* Begin XCBuildConfiguration section */
		185CDF29192B59C600E5CF21 /* Debug */ = {
			isa = XCBuildConfiguration;
			buildSettings = {
				ALWAYS_SEARCH_USER_PATHS = NO;
				CLANG_CXX_LANGUAGE_STANDARD = "gnu++0x";
				CLANG_CXX_LIBRARY = "libc++";
				CLANG_ENABLE_MODULES = YES;
				CLANG_ENABLE_OBJC_ARC = YES;
				CLANG_WARN_BOOL_CONVERSION = YES;
				CLANG_WARN_CONSTANT_CONVERSION = YES;
				CLANG_WARN_DIRECT_OBJC_ISA_USAGE = YES_ERROR;
				CLANG_WARN_EMPTY_BODY = YES;
				CLANG_WARN_ENUM_CONVERSION = YES;
				CLANG_WARN_INT_CONVERSION = YES;
				CLANG_WARN_OBJC_ROOT_CLASS = YES_ERROR;
				CLANG_WARN__DUPLICATE_METHOD_MATCH = YES;
				"CODE_SIGN_IDENTITY[sdk=iphoneos*]" = "iPhone Developer";
				COPY_PHASE_STRIP = NO;
				GCC_C_LANGUAGE_STANDARD = gnu99;
				GCC_DYNAMIC_NO_PIC = NO;
				GCC_OPTIMIZATION_LEVEL = 0;
				GCC_PREPROCESSOR_DEFINITIONS = (
					"DEBUG=1",
					"$(inherited)",
				);
				GCC_SYMBOLS_PRIVATE_EXTERN = NO;
				GCC_WARN_64_TO_32_BIT_CONVERSION = YES;
				GCC_WARN_ABOUT_RETURN_TYPE = YES_ERROR;
				GCC_WARN_UNDECLARED_SELECTOR = YES;
				GCC_WARN_UNINITIALIZED_AUTOS = YES_AGGRESSIVE;
				GCC_WARN_UNUSED_FUNCTION = YES;
				GCC_WARN_UNUSED_VARIABLE = YES;
				IPHONEOS_DEPLOYMENT_TARGET = 7.1;
				ONLY_ACTIVE_ARCH = YES;
				SDKROOT = iphoneos;
			};
			name = Debug;
		};
		185CDF2A192B59C600E5CF21 /* Release */ = {
			isa = XCBuildConfiguration;
			buildSettings = {
				ALWAYS_SEARCH_USER_PATHS = NO;
				CLANG_CXX_LANGUAGE_STANDARD = "gnu++0x";
				CLANG_CXX_LIBRARY = "libc++";
				CLANG_ENABLE_MODULES = YES;
				CLANG_ENABLE_OBJC_ARC = YES;
				CLANG_WARN_BOOL_CONVERSION = YES;
				CLANG_WARN_CONSTANT_CONVERSION = YES;
				CLANG_WARN_DIRECT_OBJC_ISA_USAGE = YES_ERROR;
				CLANG_WARN_EMPTY_BODY = YES;
				CLANG_WARN_ENUM_CONVERSION = YES;
				CLANG_WARN_INT_CONVERSION = YES;
				CLANG_WARN_OBJC_ROOT_CLASS = YES_ERROR;
				CLANG_WARN__DUPLICATE_METHOD_MATCH = YES;
				"CODE_SIGN_IDENTITY[sdk=iphoneos*]" = "iPhone Developer";
				COPY_PHASE_STRIP = YES;
				ENABLE_NS_ASSERTIONS = NO;
				GCC_C_LANGUAGE_STANDARD = gnu99;
				GCC_WARN_64_TO_32_BIT_CONVERSION = YES;
				GCC_WARN_ABOUT_RETURN_TYPE = YES_ERROR;
				GCC_WARN_UNDECLARED_SELECTOR = YES;
				GCC_WARN_UNINITIALIZED_AUTOS = YES_AGGRESSIVE;
				GCC_WARN_UNUSED_FUNCTION = YES;
				GCC_WARN_UNUSED_VARIABLE = YES;
				IPHONEOS_DEPLOYMENT_TARGET = 7.1;
				SDKROOT = iphoneos;
				VALIDATE_PRODUCT = YES;
			};
			name = Release;
		};
		185CDF2C192B59C600E5CF21 /* Debug */ = {
			isa = XCBuildConfiguration;
			buildSettings = {
				ASSETCATALOG_COMPILER_APPICON_NAME = AppIcon;
				ASSETCATALOG_COMPILER_LAUNCHIMAGE_NAME = LaunchImage;
				GCC_PRECOMPILE_PREFIX_HEADER = YES;
				GCC_PREFIX_HEADER = "FormBuilder/FormBuilder-Prefix.pch";
				INFOPLIST_FILE = "FormBuilder/FormBuilder-Info.plist";
				PRODUCT_NAME = "$(TARGET_NAME)";
				WRAPPER_EXTENSION = app;
			};
			name = Debug;
		};
		185CDF2D192B59C600E5CF21 /* Release */ = {
			isa = XCBuildConfiguration;
			buildSettings = {
				ASSETCATALOG_COMPILER_APPICON_NAME = AppIcon;
				ASSETCATALOG_COMPILER_LAUNCHIMAGE_NAME = LaunchImage;
				GCC_PRECOMPILE_PREFIX_HEADER = YES;
				GCC_PREFIX_HEADER = "FormBuilder/FormBuilder-Prefix.pch";
				INFOPLIST_FILE = "FormBuilder/FormBuilder-Info.plist";
				PRODUCT_NAME = "$(TARGET_NAME)";
				WRAPPER_EXTENSION = app;
			};
			name = Release;
		};
		185CDF2F192B59C600E5CF21 /* Debug */ = {
			isa = XCBuildConfiguration;
			buildSettings = {
				BUNDLE_LOADER = "$(BUILT_PRODUCTS_DIR)/FormBuilder.app/FormBuilder";
				FRAMEWORK_SEARCH_PATHS = (
					"$(SDKROOT)/Developer/Library/Frameworks",
					"$(inherited)",
					"$(DEVELOPER_FRAMEWORKS_DIR)",
				);
				GCC_PRECOMPILE_PREFIX_HEADER = YES;
				GCC_PREFIX_HEADER = "FormBuilder/FormBuilder-Prefix.pch";
				GCC_PREPROCESSOR_DEFINITIONS = (
					"DEBUG=1",
					"$(inherited)",
				);
				INFOPLIST_FILE = "FormBuilderTests/FormBuilderTests-Info.plist";
				PRODUCT_NAME = "$(TARGET_NAME)";
				TEST_HOST = "$(BUNDLE_LOADER)";
				WRAPPER_EXTENSION = xctest;
			};
			name = Debug;
		};
		185CDF30192B59C600E5CF21 /* Release */ = {
			isa = XCBuildConfiguration;
			buildSettings = {
				BUNDLE_LOADER = "$(BUILT_PRODUCTS_DIR)/FormBuilder.app/FormBuilder";
				FRAMEWORK_SEARCH_PATHS = (
					"$(SDKROOT)/Developer/Library/Frameworks",
					"$(inherited)",
					"$(DEVELOPER_FRAMEWORKS_DIR)",
				);
				GCC_PRECOMPILE_PREFIX_HEADER = YES;
				GCC_PREFIX_HEADER = "FormBuilder/FormBuilder-Prefix.pch";
				INFOPLIST_FILE = "FormBuilderTests/FormBuilderTests-Info.plist";
				PRODUCT_NAME = "$(TARGET_NAME)";
				TEST_HOST = "$(BUNDLE_LOADER)";
				WRAPPER_EXTENSION = xctest;
			};
			name = Release;
		};
/* End XCBuildConfiguration section */

/* Begin XCConfigurationList section */
		185CDEF4192B59C600E5CF21 /* Build configuration list for PBXProject "FormBuilder" */ = {
			isa = XCConfigurationList;
			buildConfigurations = (
				185CDF29192B59C600E5CF21 /* Debug */,
				185CDF2A192B59C600E5CF21 /* Release */,
			);
			defaultConfigurationIsVisible = 0;
			defaultConfigurationName = Release;
		};
		185CDF2B192B59C600E5CF21 /* Build configuration list for PBXNativeTarget "FormBuilder" */ = {
			isa = XCConfigurationList;
			buildConfigurations = (
				185CDF2C192B59C600E5CF21 /* Debug */,
				185CDF2D192B59C600E5CF21 /* Release */,
			);
			defaultConfigurationIsVisible = 0;
			defaultConfigurationName = Release;
		};
		185CDF2E192B59C600E5CF21 /* Build configuration list for PBXNativeTarget "FormBuilderTests" */ = {
			isa = XCConfigurationList;
			buildConfigurations = (
				185CDF2F192B59C600E5CF21 /* Debug */,
				185CDF30192B59C600E5CF21 /* Release */,
			);
			defaultConfigurationIsVisible = 0;
			defaultConfigurationName = Release;
		};
/* End XCConfigurationList section */
	};
	rootObject = 185CDEF1192B59C600E5CF21 /* Project object */;
}
